
Microsoft Visual Studio Solution File, Format Version 12.00
# Visual Studio 15
VisualStudioVersion = 15.0.28010.2016
MinimumVisualStudioVersion = 10.0.40219.1
Project("{FAE04EC0-301F-11D3-BF4B-00C04F79EFBC}") = "Introducao", "Introducao\Introducao.csproj", "{7D4E043A-7454-4634-9181-86674397C982}"
EndProject
Global
	GlobalSection(SolutionConfigurationPlatforms) = preSolution
		Debug|Any CPU = Debug|Any CPU
		Release|Any CPU = Release|Any CPU
	EndGlobalSection
	GlobalSection(ProjectConfigurationPlatforms) = postSolution
		{7D4E043A-7454-4634-9181-86674397C982}.Debug|Any CPU.ActiveCfg = Debug|Any CPU
		{7D4E043A-7454-4634-9181-86674397C982}.Debug|Any CPU.Build.0 = Debug|Any CPU
		{7D4E043A-7454-4634-9181-86674397C982}.Release|Any CPU.ActiveCfg = Release|Any CPU
		{7D4E043A-7454-4634-9181-86674397C982}.Release|Any CPU.Build.0 = Release|Any CPU
	EndGlobalSection
	GlobalSection(SolutionProperties) = preSolution
		HideSolutionNode = FALSE
	EndGlobalSection
	GlobalSection(ExtensibilityGlobals) = postSolution
		SolutionGuid = {BB62E681-33CE-4F6B-84DF-0B6E0E9A8185}
	EndGlobalSection
EndGlobal
